
Microsoft Visual Studio Solution File, Format Version 12.00
# Visual Studio Version 17
VisualStudioVersion = 17.0.31903.59
MinimumVisualStudioVersion = 10.0.40219.1
Project("{FAE04EC0-301F-11D3-BF4B-00C04F79EFBC}") = "Exe06a", "Exe06a\Exe06a.csproj", "{A0B052A0-A92A-4ADF-9DF0-7E232811FD40}"
EndProject
Project("{FAE04EC0-301F-11D3-BF4B-00C04F79EFBC}") = "Exe06b", "Exe06b\Exe06b.csproj", "{B8B5AC89-24F0-4742-9C25-C2193E5E3E78}"
EndProject
Global
	GlobalSection(SolutionConfigurationPlatforms) = preSolution
		Debug|Any CPU = Debug|Any CPU
		Release|Any CPU = Release|Any CPU
	EndGlobalSection
	GlobalSection(SolutionProperties) = preSolution
		HideSolutionNode = FALSE
	EndGlobalSection
	GlobalSection(ProjectConfigurationPlatforms) = postSolution
		{A0B052A0-A92A-4ADF-9DF0-7E232811FD40}.Debug|Any CPU.ActiveCfg = Debug|Any CPU
		{A0B052A0-A92A-4ADF-9DF0-7E232811FD40}.Debug|Any CPU.Build.0 = Debug|Any CPU
		{A0B052A0-A92A-4ADF-9DF0-7E232811FD40}.Release|Any CPU.ActiveCfg = Release|Any CPU
		{A0B052A0-A92A-4ADF-9DF0-7E232811FD40}.Release|Any CPU.Build.0 = Release|Any CPU
		{B8B5AC89-24F0-4742-9C25-C2193E5E3E78}.Debug|Any CPU.ActiveCfg = Debug|Any CPU
		{B8B5AC89-24F0-4742-9C25-C2193E5E3E78}.Debug|Any CPU.Build.0 = Debug|Any CPU
		{B8B5AC89-24F0-4742-9C25-C2193E5E3E78}.Release|Any CPU.ActiveCfg = Release|Any CPU
		{B8B5AC89-24F0-4742-9C25-C2193E5E3E78}.Release|Any CPU.Build.0 = Release|Any CPU
	EndGlobalSection
EndGlobal
